// !$*UTF8*$!
{
	archiveVersion = 1;
	classes = {
	};
	objectVersion = 46;
	objects = {

/* Begin PBXBuildFile section */
		0A9471DA19C999BF00EA2034 /* main.m in Sources */ = {isa = PBXBuildFile; fileRef = 0A9471D919C999BF00EA2034 /* main.m */; };
		0A9471DD19C999BF00EA2034 /* AppDelegate.m in Sources */ = {isa = PBXBuildFile; fileRef = 0A9471DC19C999BF00EA2034 /* AppDelegate.m */; };
		0A9471E019C999BF00EA2034 /* ViewController.m in Sources */ = {isa = PBXBuildFile; fileRef = 0A9471DF19C999BF00EA2034 /* ViewController.m */; };
		0A9471E319C999BF00EA2034 /* Main.storyboard in Resources */ = {isa = PBXBuildFile; fileRef = 0A9471E119C999BF00EA2034 /* Main.storyboard */; };
		0A9471E519C999BF00EA2034 /* Images.xcassets in Resources */ = {isa = PBXBuildFile; fileRef = 0A9471E419C999BF00EA2034 /* Images.xcassets */; };
		0A9471E819C999BF00EA2034 /* LaunchScreen.xib in Resources */ = {isa = PBXBuildFile; fileRef = 0A9471E619C999BF00EA2034 /* LaunchScreen.xib */; };
		0A9471F419C999BF00EA2034 /* FibonacciTests.m in Sources */ = {isa = PBXBuildFile; fileRef = 0A9471F319C999BF00EA2034 /* FibonacciTests.m */; };
		0AC2453D1B0221D60083CA43 /* FibTableViewController.m in Sources */ = {isa = PBXBuildFile; fileRef = 0AC2453C1B0221D60083CA43 /* FibTableViewController.m */; };
/* End PBXBuildFile section */

/* Begin PBXContainerItemProxy section */
		0A9471EE19C999BF00EA2034 /* PBXContainerItemProxy */ = {
			isa = PBXContainerItemProxy;
			containerPortal = 0A9471CC19C999BF00EA2034 /* Project object */;
			proxyType = 1;
			remoteGlobalIDString = 0A9471D319C999BF00EA2034;
			remoteInfo = Fibonacci;
		};
/* End PBXContainerItemProxy section */

/* Begin PBXFileReference section */
		0A9471D419C999BF00EA2034 /* Fibonacci.app */ = {isa = PBXFileReference; explicitFileType = wrapper.application; includeInIndex = 0; path = Fibonacci.app; sourceTree = BUILT_PRODUCTS_DIR; };
		0A9471D819C999BF00EA2034 /* Info.plist */ = {isa = PBXFileReference; lastKnownFileType = text.plist.xml; path = Info.plist; sourceTree = "<group>"; };
		0A9471D919C999BF00EA2034 /* main.m */ = {isa = PBXFileReference; lastKnownFileType = sourcecode.c.objc; path = main.m; sourceTree = "<group>"; };
		0A9471DB19C999BF00EA2034 /* AppDelegate.h */ = {isa = PBXFileReference; lastKnownFileType = sourcecode.c.h; path = AppDelegate.h; sourceTree = "<group>"; };
		0A9471DC19C999BF00EA2034 /* AppDelegate.m */ = {isa = PBXFileReference; lastKnownFileType = sourcecode.c.objc; path = AppDelegate.m; sourceTree = "<group>"; };
		0A9471DE19C999BF00EA2034 /* ViewController.h */ = {isa = PBXFileReference; lastKnownFileType = sourcecode.c.h; path = ViewController.h; sourceTree = "<group>"; };
		0A9471DF19C999BF00EA2034 /* ViewController.m */ = {isa = PBXFileReference; lastKnownFileType = sourcecode.c.objc; path = ViewController.m; sourceTree = "<group>"; };
		0A9471E219C999BF00EA2034 /* Base */ = {isa = PBXFileReference; lastKnownFileType = file.storyboard; name = Base; path = Base.lproj/Main.storyboard; sourceTree = "<group>"; };
		0A9471E419C999BF00EA2034 /* Images.xcassets */ = {isa = PBXFileReference; lastKnownFileType = folder.assetcatalog; path = Images.xcassets; sourceTree = "<group>"; };
		0A9471E719C999BF00EA2034 /* Base */ = {isa = PBXFileReference; lastKnownFileType = file.xib; name = Base; path = Base.lproj/LaunchScreen.xib; sourceTree = "<group>"; };
		0A9471ED19C999BF00EA2034 /* FibonacciTests.xctest */ = {isa = PBXFileReference; explicitFileType = wrapper.cfbundle; includeInIndex = 0; path = FibonacciTests.xctest; sourceTree = BUILT_PRODUCTS_DIR; };
		0A9471F219C999BF00EA2034 /* Info.plist */ = {isa = PBXFileReference; lastKnownFileType = text.plist.xml; path = Info.plist; sourceTree = "<group>"; };
		0A9471F319C999BF00EA2034 /* FibonacciTests.m */ = {isa = PBXFileReference; lastKnownFileType = sourcecode.c.objc; path = FibonacciTests.m; sourceTree = "<group>"; };
		0AC2453B1B0221D60083CA43 /* FibTableViewController.h */ = {isa = PBXFileReference; fileEncoding = 4; lastKnownFileType = sourcecode.c.h; path = FibTableViewController.h; sourceTree = "<group>"; };
		0AC2453C1B0221D60083CA43 /* FibTableViewController.m */ = {isa = PBXFileReference; fileEncoding = 4; lastKnownFileType = sourcecode.c.objc; path = FibTableViewController.m; sourceTree = "<group>"; };
/* End PBXFileReference section */

/* Begin PBXFrameworksBuildPhase section */
		0A9471D119C999BF00EA2034 /* Frameworks */ = {
			isa = PBXFrameworksBuildPhase;
			buildActionMask = 2147483647;
			files = (
			);
			runOnlyForDeploymentPostprocessing = 0;
		};
		0A9471EA19C999BF00EA2034 /* Frameworks */ = {
			isa = PBXFrameworksBuildPhase;
			buildActionMask = 2147483647;
			files = (
			);
			runOnlyForDeploymentPostprocessing = 0;
		};
/* End PBXFrameworksBuildPhase section */

/* Begin PBXGroup section */
		0A9471CB19C999BF00EA2034 = {
			isa = PBXGroup;
			children = (
				0A9471D619C999BF00EA2034 /* Fibonacci */,
				0A9471F019C999BF00EA2034 /* FibonacciTests */,
				0A9471D519C999BF00EA2034 /* Products */,
			);
			sourceTree = "<group>";
		};
		0A9471D519C999BF00EA2034 /* Products */ = {
			isa = PBXGroup;
			children = (
				0A9471D419C999BF00EA2034 /* Fibonacci.app */,
				0A9471ED19C999BF00EA2034 /* FibonacciTests.xctest */,
			);
			name = Products;
			sourceTree = "<group>";
		};
		0A9471D619C999BF00EA2034 /* Fibonacci */ = {
			isa = PBXGroup;
			children = (
				0A9471DB19C999BF00EA2034 /* AppDelegate.h */,
				0A9471DC19C999BF00EA2034 /* AppDelegate.m */,
				0AC2453B1B0221D60083CA43 /* FibTableViewController.h */,
				0AC2453C1B0221D60083CA43 /* FibTableViewController.m */,
				0A9471DE19C999BF00EA2034 /* ViewController.h */,
				0A9471DF19C999BF00EA2034 /* ViewController.m */,
				0A9471E119C999BF00EA2034 /* Main.storyboard */,
				0A9471E419C999BF00EA2034 /* Images.xcassets */,
				0A9471E619C999BF00EA2034 /* LaunchScreen.xib */,
				0A9471D719C999BF00EA2034 /* Supporting Files */,
			);
			path = Fibonacci;
			sourceTree = "<group>";
		};
		0A9471D719C999BF00EA2034 /* Supporting Files */ = {
			isa = PBXGroup;
			children = (
				0A9471D819C999BF00EA2034 /* Info.plist */,
				0A9471D919C999BF00EA2034 /* main.m */,
			);
			name = "Supporting Files";
			sourceTree = "<group>";
		};
		0A9471F019C999BF00EA2034 /* FibonacciTests */ = {
			isa = PBXGroup;
			children = (
				0A9471F319C999BF00EA2034 /* FibonacciTests.m */,
				0A9471F119C999BF00EA2034 /* Supporting Files */,
			);
			path = FibonacciTests;
			sourceTree = "<group>";
		};
		0A9471F119C999BF00EA2034 /* Supporting Files */ = {
			isa = PBXGroup;
			children = (
				0A9471F219C999BF00EA2034 /* Info.plist */,
			);
			name = "Supporting Files";
			sourceTree = "<group>";
		};
/* End PBXGroup section */

/* Begin PBXNativeTarget section */
		0A9471D319C999BF00EA2034 /* Fibonacci */ = {
			isa = PBXNativeTarget;
			buildConfigurationList = 0A9471F719C999BF00EA2034 /* Build configuration list for PBXNativeTarget "Fibonacci" */;
			buildPhases = (
				0A9471D019C999BF00EA2034 /* Sources */,
				0A9471D119C999BF00EA2034 /* Frameworks */,
				0A9471D219C999BF00EA2034 /* Resources */,
			);
			buildRules = (
			);
			dependencies = (
			);
			name = Fibonacci;
			productName = Fibonacci;
			productReference = 0A9471D419C999BF00EA2034 /* Fibonacci.app */;
			productType = "com.apple.product-type.application";
		};
		0A9471EC19C999BF00EA2034 /* FibonacciTests */ = {
			isa = PBXNativeTarget;
			buildConfigurationList = 0A9471FA19C999BF00EA2034 /* Build configuration list for PBXNativeTarget "FibonacciTests" */;
			buildPhases = (
				0A9471E919C999BF00EA2034 /* Sources */,
				0A9471EA19C999BF00EA2034 /* Frameworks */,
				0A9471EB19C999BF00EA2034 /* Resources */,
			);
			buildRules = (
			);
			dependencies = (
				0A9471EF19C999BF00EA2034 /* PBXTargetDependency */,
			);
			name = FibonacciTests;
			productName = FibonacciTests;
			productReference = 0A9471ED19C999BF00EA2034 /* FibonacciTests.xctest */;
			productType = "com.apple.product-type.bundle.unit-test";
		};
/* End PBXNativeTarget section */

/* Begin PBXProject section */
		0A9471CC19C999BF00EA2034 /* Project object */ = {
			isa = PBXProject;
			attributes = {
				LastUpgradeCheck = 0600;
				ORGANIZATIONNAME = "Newman Zone";
				TargetAttributes = {
					0A9471D319C999BF00EA2034 = {
						CreatedOnToolsVersion = 6.0;
					};
					0A9471EC19C999BF00EA2034 = {
						CreatedOnToolsVersion = 6.0;
						TestTargetID = 0A9471D319C999BF00EA2034;
					};
				};
			};
			buildConfigurationList = 0A9471CF19C999BF00EA2034 /* Build configuration list for PBXProject "Fibonacci" */;
			compatibilityVersion = "Xcode 3.2";
			developmentRegion = English;
			hasScannedForEncodings = 0;
			knownRegions = (
				en,
				Base,
			);
			mainGroup = 0A9471CB19C999BF00EA2034;
			productRefGroup = 0A9471D519C999BF00EA2034 /* Products */;
			projectDirPath = "";
			projectRoot = "";
			targets = (
				0A9471D319C999BF00EA2034 /* Fibonacci */,
				0A9471EC19C999BF00EA2034 /* FibonacciTests */,
			);
		};
/* End PBXProject section */

/* Begin PBXResourcesBuildPhase section */
		0A9471D219C999BF00EA2034 /* Resources */ = {
			isa = PBXResourcesBuildPhase;
			buildActionMask = 2147483647;
			files = (
				0A9471E319C999BF00EA2034 /* Main.storyboard in Resources */,
				0A9471E819C999BF00EA2034 /* LaunchScreen.xib in Resources */,
				0A9471E519C999BF00EA2034 /* Images.xcassets in Resources */,
			);
			runOnlyForDeploymentPostprocessing = 0;
		};
		0A9471EB19C999BF00EA2034 /* Resources */ = {
			isa = PBXResourcesBuildPhase;
			buildActionMask = 2147483647;
			files = (
			);
			runOnlyForDeploymentPostprocessing = 0;
		};
/* End PBXResourcesBuildPhase section */

/* Begin PBXSourcesBuildPhase section */
		0A9471D019C999BF00EA2034 /* Sources */ = {
			isa = PBXSourcesBuildPhase;
			buildActionMask = 2147483647;
			files = (
				0A9471E019C999BF00EA2034 /* ViewController.m in Sources */,
				0A9471DD19C999BF00EA2034 /* AppDelegate.m in Sources */,
				0A9471DA19C999BF00EA2034 /* main.m in Sources */,
				0AC2453D1B0221D60083CA43 /* FibTableViewController.m in Sources */,
			);
			runOnlyForDeploymentPostprocessing = 0;
		};
		0A9471E919C999BF00EA2034 /* Sources */ = {
			isa = PBXSourcesBuildPhase;
			buildActionMask = 2147483647;
			files = (
				0A9471F419C999BF00EA2034 /* FibonacciTests.m in Sources */,
			);
			runOnlyForDeploymentPostprocessing = 0;
		};
/* End PBXSourcesBuildPhase section */

/* Begin PBXTargetDependency section */
		0A9471EF19C999BF00EA2034 /* PBXTargetDependency */ = {
			isa = PBXTargetDependency;
			target = 0A9471D319C999BF00EA2034 /* Fibonacci */;
			targetProxy = 0A9471EE19C999BF00EA2034 /* PBXContainerItemProxy */;
		};
/* End PBXTargetDependency section */

/* Begin PBXVariantGroup section */
		0A9471E119C999BF00EA2034 /* Main.storyboard */ = {
			isa = PBXVariantGroup;
			children = (
				0A9471E219C999BF00EA2034 /* Base */,
			);
			name = Main.storyboard;
			sourceTree = "<group>";
		};
		0A9471E619C999BF00EA2034 /* LaunchScreen.xib */ = {
			isa = PBXVariantGroup;
			children = (
				0A9471E719C999BF00EA2034 /* Base */,
			);
			name = LaunchScreen.xib;
			sourceTree = "<group>";
		};
/* End PBXVariantGroup section */

/* Begin XCBuildConfiguration section */
		0A9471F519C999BF00EA2034 /* Debug */ = {
			isa = XCBuildConfiguration;
			buildSettings = {
				ALWAYS_SEARCH_USER_PATHS = NO;
				CLANG_CXX_LANGUAGE_STANDARD = "gnu++0x";
				CLANG_CXX_LIBRARY = "libc++";
				CLANG_ENABLE_MODULES = YES;
				CLANG_ENABLE_OBJC_ARC = YES;
				CLANG_WARN_BOOL_CONVERSION = YES;
				CLANG_WARN_CONSTANT_CONVERSION = YES;
				CLANG_WARN_DIRECT_OBJC_ISA_USAGE = YES_ERROR;
				CLANG_WARN_EMPTY_BODY = YES;
				CLANG_WARN_ENUM_CONVERSION = YES;
				CLANG_WARN_INT_CONVERSION = YES;
				CLANG_WARN_OBJC_ROOT_CLASS = YES_ERROR;
				CLANG_WARN_UNREACHABLE_CODE = YES;
				CLANG_WARN__DUPLICATE_METHOD_MATCH = YES;
				"CODE_SIGN_IDENTITY[sdk=iphoneos*]" = "iPhone Developer";
				COPY_PHASE_STRIP = NO;
				ENABLE_STRICT_OBJC_MSGSEND = YES;
				GCC_C_LANGUAGE_STANDARD = gnu99;
				GCC_DYNAMIC_NO_PIC = NO;
				GCC_OPTIMIZATION_LEVEL = 0;
				GCC_PREPROCESSOR_DEFINITIONS = (
					"DEBUG=1",
					"$(inherited)",
				);
				GCC_SYMBOLS_PRIVATE_EXTERN = NO;
				GCC_WARN_64_TO_32_BIT_CONVERSION = YES;
				GCC_WARN_ABOUT_RETURN_TYPE = YES_ERROR;
				GCC_WARN_UNDECLARED_SELECTOR = YES;
				GCC_WARN_UNINITIALIZED_AUTOS = YES_AGGRESSIVE;
				GCC_WARN_UNUSED_FUNCTION = YES;
				GCC_WARN_UNUSED_VARIABLE = YES;
				IPHONEOS_DEPLOYMENT_TARGET = 8.0;
				MTL_ENABLE_DEBUG_INFO = YES;
				ONLY_ACTIVE_ARCH = YES;
				SDKROOT = iphoneos;
			};
			name = Debug;
		};
		0A9471F619C999BF00EA2034 /* Release */ = {
			isa = XCBuildConfiguration;
			buildSettings = {
				ALWAYS_SEARCH_USER_PATHS = NO;
				CLANG_CXX_LANGUAGE_STANDARD = "gnu++0x";
				CLANG_CXX_LIBRARY = "libc++";
				CLANG_ENABLE_MODULES = YES;
				CLANG_ENABLE_OBJC_ARC = YES;
				CLANG_WARN_BOOL_CONVERSION = YES;
				CLANG_WARN_CONSTANT_CONVERSION = YES;
				CLANG_WARN_DIRECT_OBJC_ISA_USAGE = YES_ERROR;
				CLANG_WARN_EMPTY_BODY = YES;
				CLANG_WARN_ENUM_CONVERSION = YES;
				CLANG_WARN_INT_CONVERSION = YES;
				CLANG_WARN_OBJC_ROOT_CLASS = YES_ERROR;
				CLANG_WARN_UNREACHABLE_CODE = YES;
				CLANG_WARN__DUPLICATE_METHOD_MATCH = YES;
				"CODE_SIGN_IDENTITY[sdk=iphoneos*]" = "iPhone Developer";
				COPY_PHASE_STRIP = YES;
				ENABLE_NS_ASSERTIONS = NO;
				ENABLE_STRICT_OBJC_MSGSEND = YES;
				GCC_C_LANGUAGE_STANDARD = gnu99;
				GCC_WARN_64_TO_32_BIT_CONVERSION = YES;
				GCC_WARN_ABOUT_RETURN_TYPE = YES_ERROR;
				GCC_WARN_UNDECLARED_SELECTOR = YES;
				GCC_WARN_UNINITIALIZED_AUTOS = YES_AGGRESSIVE;
				GCC_WARN_UNUSED_FUNCTION = YES;
				GCC_WARN_UNUSED_VARIABLE = YES;
				IPHONEOS_DEPLOYMENT_TARGET = 8.0;
				MTL_ENABLE_DEBUG_INFO = NO;
				SDKROOT = iphoneos;
				VALIDATE_PRODUCT = YES;
			};
			name = Release;
		};
		0A9471F819C999BF00EA2034 /* Debug */ = {
			isa = XCBuildConfiguration;
			buildSettings = {
				ASSETCATALOG_COMPILER_APPICON_NAME = AppIcon;
				INFOPLIST_FILE = Fibonacci/Info.plist;
				LD_RUNPATH_SEARCH_PATHS = "$(inherited) @executable_path/Frameworks";
				PRODUCT_NAME = "$(TARGET_NAME)";
			};
			name = Debug;
		};
		0A9471F919C999BF00EA2034 /* Release */ = {
			isa = XCBuildConfiguration;
			buildSettings = {
				ASSETCATALOG_COMPILER_APPICON_NAME = AppIcon;
				INFOPLIST_FILE = Fibonacci/Info.plist;
				LD_RUNPATH_SEARCH_PATHS = "$(inherited) @executable_path/Frameworks";
				PRODUCT_NAME = "$(TARGET_NAME)";
			};
			name = Release;
		};
		0A9471FB19C999BF00EA2034 /* Debug */ = {
			isa = XCBuildConfiguration;
			buildSettings = {
				BUNDLE_LOADER = "$(TEST_HOST)";
				FRAMEWORK_SEARCH_PATHS = (
					"$(SDKROOT)/Developer/Library/Frameworks",
					"$(inherited)",
				);
				GCC_PREPROCESSOR_DEFINITIONS = (
					"DEBUG=1",
					"$(inherited)",
				);
				INFOPLIST_FILE = FibonacciTests/Info.plist;
				LD_RUNPATH_SEARCH_PATHS = "$(inherited) @executable_path/Frameworks @loader_path/Frameworks";
				PRODUCT_NAME = "$(TARGET_NAME)";
				TEST_HOST = "$(BUILT_PRODUCTS_DIR)/Fibonacci.app/Fibonacci";
			};
			name = Debug;
		};
		0A9471FC19C999BF00EA2034 /* Release */ = {
			isa = XCBuildConfiguration;
			buildSettings = {
				BUNDLE_LOADER = "$(TEST_HOST)";
				FRAMEWORK_SEARCH_PATHS = (
					"$(SDKROOT)/Developer/Library/Frameworks",
					"$(inherited)",
				);
				INFOPLIST_FILE = FibonacciTests/Info.plist;
				LD_RUNPATH_SEARCH_PATHS = "$(inherited) @executable_path/Frameworks @loader_path/Frameworks";
				PRODUCT_NAME = "$(TARGET_NAME)";
				TEST_HOST = "$(BUILT_PRODUCTS_DIR)/Fibonacci.app/Fibonacci";
			};
			name = Release;
		};
/* End XCBuildConfiguration section */

/* Begin XCConfigurationList section */
		0A9471CF19C999BF00EA2034 /* Build configuration list for PBXProject "Fibonacci" */ = {
			isa = XCConfigurationList;
			buildConfigurations = (
				0A9471F519C999BF00EA2034 /* Debug */,
				0A9471F619C999BF00EA2034 /* Release */,
			);
			defaultConfigurationIsVisible = 0;
			defaultConfigurationName = Release;
		};
		0A9471F719C999BF00EA2034 /* Build configuration list for PBXNativeTarget "Fibonacci" */ = {
			isa = XCConfigurationList;
			buildConfigurations = (
				0A9471F819C999BF00EA2034 /* Debug */,
				0A9471F919C999BF00EA2034 /* Release */,
			);
			defaultConfigurationIsVisible = 0;
			defaultConfigurationName = Release;
		};
		0A9471FA19C999BF00EA2034 /* Build configuration list for PBXNativeTarget "FibonacciTests" */ = {
			isa = XCConfigurationList;
			buildConfigurations = (
				0A9471FB19C999BF00EA2034 /* Debug */,
				0A9471FC19C999BF00EA2034 /* Release */,
			);
			defaultConfigurationIsVisible = 0;
			defaultConfigurationName = Release;
		};
/* End XCConfigurationList section */
	};
	rootObject = 0A9471CC19C999BF00EA2034 /* Project object */;
}
